Microsoft Visual Studio Solution File, Format Version 11.00
# Visual Studio 2008

Project("{C84C6137-5A7F-5900-5577-A5D8BAB29F6F}") = "clemball", "Assembly-CSharp.csproj", "{43B7EE6E-BEE4-F4E5-9F08-8B19BC1FBEE6}"
EndProject
Global
	GlobalSection(SolutionConfigurationPlatforms) = preSolution
		Debug|Any CPU = Debug|Any CPU
		Release|Any CPU = Release|Any CPU
	EndGlobalSection
	GlobalSection(ProjectConfigurationPlatforms) = postSolution
		{43B7EE6E-BEE4-F4E5-9F08-8B19BC1FBEE6}.Debug|Any CPU.ActiveCfg = Debug|Any CPU
		{43B7EE6E-BEE4-F4E5-9F08-8B19BC1FBEE6}.Debug|Any CPU.Build.0 = Debug|Any CPU
		{43B7EE6E-BEE4-F4E5-9F08-8B19BC1FBEE6}.Release|Any CPU.ActiveCfg = Release|Any CPU
		{43B7EE6E-BEE4-F4E5-9F08-8B19BC1FBEE6}.Release|Any CPU.Build.0 = Release|Any CPU
	EndGlobalSection
	GlobalSection(SolutionProperties) = preSolution
		HideSolutionNode = FALSE
	EndGlobalSection
	GlobalSection(MonoDevelopProperties) = preSolution
		StartupItem = Assembly-CSharp.csproj
	EndGlobalSection
EndGlobal
